
Microsoft Visual Studio Solution File, Format Version 12.00
# Visual Studio Version 16
VisualStudioVersion = 16.0.29326.143
MinimumVisualStudioVersion = 10.0.40219.1
Project("{8BC9CEB8-8B4A-11D0-8D11-00A0C91BC942}") = "libsvgdom", "libsvgdom\libsvgdom.vcxproj", "{22680109-B117-4938-B07D-7B8F07B2F15A}"
EndProject
Project("{8BC9CEB8-8B4A-11D0-8D11-00A0C91BC942}") = "test_dom", "test_dom\test_dom.vcxproj", "{E1D107F2-7AC4-48C6-B086-0DD1913922BE}"
EndProject
Global
	GlobalSection(SolutionConfigurationPlatforms) = preSolution
		v140_Debug|x64 = v140_Debug|x64
		v140_Debug|x86 = v140_Debug|x86
		v140_Release|x64 = v140_Release|x64
		v140_Release|x86 = v140_Release|x86
		v141_Debug|x64 = v141_Debug|x64
		v141_Debug|x86 = v141_Debug|x86
		v141_Release|x64 = v141_Release|x64
		v141_Release|x86 = v141_Release|x86
		v142_Debug_MD|x64 = v142_Debug_MD|x64
		v142_Debug_MD|x86 = v142_Debug_MD|x86
		v142_Debug_MT|x64 = v142_Debug_MT|x64
		v142_Debug_MT|x86 = v142_Debug_MT|x86
		v142_Release_MD|x64 = v142_Release_MD|x64
		v142_Release_MD|x86 = v142_Release_MD|x86
		v142_Release_MT|x64 = v142_Release_MT|x64
		v142_Release_MT|x86 = v142_Release_MT|x86
	EndGlobalSection
	GlobalSection(ProjectConfigurationPlatforms) = postSolution
		{22680109-B117-4938-B07D-7B8F07B2F15A}.v140_Debug|x64.ActiveCfg = v140_Debug|x64
		{22680109-B117-4938-B07D-7B8F07B2F15A}.v140_Debug|x64.Build.0 = v140_Debug|x64
		{22680109-B117-4938-B07D-7B8F07B2F15A}.v140_Debug|x86.ActiveCfg = v140_Debug|Win32
		{22680109-B117-4938-B07D-7B8F07B2F15A}.v140_Debug|x86.Build.0 = v140_Debug|Win32
		{22680109-B117-4938-B07D-7B8F07B2F15A}.v140_Release|x64.ActiveCfg = v140_Release|x64
		{22680109-B117-4938-B07D-7B8F07B2F15A}.v140_Release|x64.Build.0 = v140_Release|x64
		{22680109-B117-4938-B07D-7B8F07B2F15A}.v140_Release|x86.ActiveCfg = v140_Release|Win32
		{22680109-B117-4938-B07D-7B8F07B2F15A}.v140_Release|x86.Build.0 = v140_Release|Win32
		{22680109-B117-4938-B07D-7B8F07B2F15A}.v141_Debug|x64.ActiveCfg = v141_Debug|x64
		{22680109-B117-4938-B07D-7B8F07B2F15A}.v141_Debug|x64.Build.0 = v141_Debug|x64
		{22680109-B117-4938-B07D-7B8F07B2F15A}.v141_Debug|x86.ActiveCfg = v141_Debug|Win32
		{22680109-B117-4938-B07D-7B8F07B2F15A}.v141_Debug|x86.Build.0 = v141_Debug|Win32
		{22680109-B117-4938-B07D-7B8F07B2F15A}.v141_Release|x64.ActiveCfg = v141_Release|x64
		{22680109-B117-4938-B07D-7B8F07B2F15A}.v141_Release|x64.Build.0 = v141_Release|x64
		{22680109-B117-4938-B07D-7B8F07B2F15A}.v141_Release|x86.ActiveCfg = v141_Release|Win32
		{22680109-B117-4938-B07D-7B8F07B2F15A}.v141_Release|x86.Build.0 = v141_Release|Win32
		{22680109-B117-4938-B07D-7B8F07B2F15A}.v142_Debug_MD|x64.ActiveCfg = v142_Debug_MD|x64
		{22680109-B117-4938-B07D-7B8F07B2F15A}.v142_Debug_MD|x64.Build.0 = v142_Debug_MD|x64
		{22680109-B117-4938-B07D-7B8F07B2F15A}.v142_Debug_MD|x86.ActiveCfg = v142_Debug_MD|Win32
		{22680109-B117-4938-B07D-7B8F07B2F15A}.v142_Debug_MD|x86.Build.0 = v142_Debug_MD|Win32
		{22680109-B117-4938-B07D-7B8F07B2F15A}.v142_Debug_MT|x64.ActiveCfg = v142_Debug_MT|x64
		{22680109-B117-4938-B07D-7B8F07B2F15A}.v142_Debug_MT|x64.Build.0 = v142_Debug_MT|x64
		{22680109-B117-4938-B07D-7B8F07B2F15A}.v142_Debug_MT|x86.ActiveCfg = v142_Debug_MT|Win32
		{22680109-B117-4938-B07D-7B8F07B2F15A}.v142_Debug_MT|x86.Build.0 = v142_Debug_MT|Win32
		{22680109-B117-4938-B07D-7B8F07B2F15A}.v142_Release_MD|x64.ActiveCfg = v142_Release_MD|x64
		{22680109-B117-4938-B07D-7B8F07B2F15A}.v142_Release_MD|x64.Build.0 = v142_Release_MD|x64
		{22680109-B117-4938-B07D-7B8F07B2F15A}.v142_Release_MD|x86.ActiveCfg = v142_Release_MD|Win32
		{22680109-B117-4938-B07D-7B8F07B2F15A}.v142_Release_MD|x86.Build.0 = v142_Release_MD|Win32
		{22680109-B117-4938-B07D-7B8F07B2F15A}.v142_Release_MT|x64.ActiveCfg = v142_Release_MT|x64
		{22680109-B117-4938-B07D-7B8F07B2F15A}.v142_Release_MT|x64.Build.0 = v142_Release_MT|x64
		{22680109-B117-4938-B07D-7B8F07B2F15A}.v142_Release_MT|x86.ActiveCfg = v142_Release_MT|Win32
		{22680109-B117-4938-B07D-7B8F07B2F15A}.v142_Release_MT|x86.Build.0 = v142_Release_MT|Win32
		{E1D107F2-7AC4-48C6-B086-0DD1913922BE}.v140_Debug|x64.ActiveCfg = v140_Debug|x64
		{E1D107F2-7AC4-48C6-B086-0DD1913922BE}.v140_Debug|x64.Build.0 = v140_Debug|x64
		{E1D107F2-7AC4-48C6-B086-0DD1913922BE}.v140_Debug|x86.ActiveCfg = v140_Debug|Win32
		{E1D107F2-7AC4-48C6-B086-0DD1913922BE}.v140_Debug|x86.Build.0 = v140_Debug|Win32
		{E1D107F2-7AC4-48C6-B086-0DD1913922BE}.v140_Release|x64.ActiveCfg = v140_Release|x64
		{E1D107F2-7AC4-48C6-B086-0DD1913922BE}.v140_Release|x64.Build.0 = v140_Release|x64
		{E1D107F2-7AC4-48C6-B086-0DD1913922BE}.v140_Release|x86.ActiveCfg = v140_Release|Win32
		{E1D107F2-7AC4-48C6-B086-0DD1913922BE}.v140_Release|x86.Build.0 = v140_Release|Win32
		{E1D107F2-7AC4-48C6-B086-0DD1913922BE}.v141_Debug|x64.ActiveCfg = v141_Debug|x64
		{E1D107F2-7AC4-48C6-B086-0DD1913922BE}.v141_Debug|x64.Build.0 = v141_Debug|x64
		{E1D107F2-7AC4-48C6-B086-0DD1913922BE}.v141_Debug|x86.ActiveCfg = v141_Debug|Win32
		{E1D107F2-7AC4-48C6-B086-0DD1913922BE}.v141_Debug|x86.Build.0 = v141_Debug|Win32
		{E1D107F2-7AC4-48C6-B086-0DD1913922BE}.v141_Release|x64.ActiveCfg = v141_Release|x64
		{E1D107F2-7AC4-48C6-B086-0DD1913922BE}.v141_Release|x64.Build.0 = v141_Release|x64
		{E1D107F2-7AC4-48C6-B086-0DD1913922BE}.v141_Release|x86.ActiveCfg = v141_Release|Win32
		{E1D107F2-7AC4-48C6-B086-0DD1913922BE}.v141_Release|x86.Build.0 = v141_Release|Win32
		{E1D107F2-7AC4-48C6-B086-0DD1913922BE}.v142_Debug_MD|x64.ActiveCfg = v142_Debug_MD|x64
		{E1D107F2-7AC4-48C6-B086-0DD1913922BE}.v142_Debug_MD|x64.Build.0 = v142_Debug_MD|x64
		{E1D107F2-7AC4-48C6-B086-0DD1913922BE}.v142_Debug_MD|x86.ActiveCfg = v142_Debug_MD|Win32
		{E1D107F2-7AC4-48C6-B086-0DD1913922BE}.v142_Debug_MD|x86.Build.0 = v142_Debug_MD|Win32
		{E1D107F2-7AC4-48C6-B086-0DD1913922BE}.v142_Debug_MT|x64.ActiveCfg = v142_Debug_MT|x64
		{E1D107F2-7AC4-48C6-B086-0DD1913922BE}.v142_Debug_MT|x64.Build.0 = v142_Debug_MT|x64
		{E1D107F2-7AC4-48C6-B086-0DD1913922BE}.v142_Debug_MT|x86.ActiveCfg = v142_Debug_MT|Win32
		{E1D107F2-7AC4-48C6-B086-0DD1913922BE}.v142_Debug_MT|x86.Build.0 = v142_Debug_MT|Win32
		{E1D107F2-7AC4-48C6-B086-0DD1913922BE}.v142_Release_MD|x64.ActiveCfg = v142_Release_MD|x64
		{E1D107F2-7AC4-48C6-B086-0DD1913922BE}.v142_Release_MD|x64.Build.0 = v142_Release_MD|x64
		{E1D107F2-7AC4-48C6-B086-0DD1913922BE}.v142_Release_MD|x86.ActiveCfg = v142_Release_MD|Win32
		{E1D107F2-7AC4-48C6-B086-0DD1913922BE}.v142_Release_MD|x86.Build.0 = v142_Release_MD|Win32
		{E1D107F2-7AC4-48C6-B086-0DD1913922BE}.v142_Release_MT|x64.ActiveCfg = v142_Release_MT|x64
		{E1D107F2-7AC4-48C6-B086-0DD1913922BE}.v142_Release_MT|x64.Build.0 = v142_Release_MT|x64
		{E1D107F2-7AC4-48C6-B086-0DD1913922BE}.v142_Release_MT|x86.ActiveCfg = v142_Release_MT|Win32
		{E1D107F2-7AC4-48C6-B086-0DD1913922BE}.v142_Release_MT|x86.Build.0 = v142_Release_MT|Win32
	EndGlobalSection
	GlobalSection(SolutionProperties) = preSolution
		HideSolutionNode = FALSE
	EndGlobalSection
	GlobalSection(ExtensibilityGlobals) = postSolution
		SolutionGuid = {418959A0-CDD8-46DE-9188-85E5EEB1121B}
	EndGlobalSection
EndGlobal
