
Microsoft Visual Studio Solution File, Format Version 12.00
# Visual Studio 14
VisualStudioVersion = 14.0.23107.0
MinimumVisualStudioVersion = 10.0.40219.1
Project("{8BC9CEB8-8B4A-11D0-8D11-00A0C91BC942}") = "libsvgdom", "libsvgdom\libsvgdom.vcxproj", "{22680109-B117-4938-B07D-7B8F07B2F15A}"
EndProject
Project("{8BC9CEB8-8B4A-11D0-8D11-00A0C91BC942}") = "test_dom", "test_dom\test_dom.vcxproj", "{E1D107F2-7AC4-48C6-B086-0DD1913922BE}"
EndProject
Global
	GlobalSection(SolutionConfigurationPlatforms) = preSolution
		Debug|x64 = Debug|x64
		Debug|x86 = Debug|x86
		Release|x64 = Release|x64
		Release|x86 = Release|x86
	EndGlobalSection
	GlobalSection(ProjectConfigurationPlatforms) = postSolution
		{22680109-B117-4938-B07D-7B8F07B2F15A}.Debug|x64.ActiveCfg = Debug|x64
		{22680109-B117-4938-B07D-7B8F07B2F15A}.Debug|x64.Build.0 = Debug|x64
		{22680109-B117-4938-B07D-7B8F07B2F15A}.Debug|x86.ActiveCfg = Debug|Win32
		{22680109-B117-4938-B07D-7B8F07B2F15A}.Debug|x86.Build.0 = Debug|Win32
		{22680109-B117-4938-B07D-7B8F07B2F15A}.Release|x64.ActiveCfg = Release|x64
		{22680109-B117-4938-B07D-7B8F07B2F15A}.Release|x64.Build.0 = Release|x64
		{22680109-B117-4938-B07D-7B8F07B2F15A}.Release|x86.ActiveCfg = Release|Win32
		{22680109-B117-4938-B07D-7B8F07B2F15A}.Release|x86.Build.0 = Release|Win32
		{E1D107F2-7AC4-48C6-B086-0DD1913922BE}.Debug|x64.ActiveCfg = Debug|x64
		{E1D107F2-7AC4-48C6-B086-0DD1913922BE}.Debug|x64.Build.0 = Debug|x64
		{E1D107F2-7AC4-48C6-B086-0DD1913922BE}.Debug|x86.ActiveCfg = Debug|Win32
		{E1D107F2-7AC4-48C6-B086-0DD1913922BE}.Debug|x86.Build.0 = Debug|Win32
		{E1D107F2-7AC4-48C6-B086-0DD1913922BE}.Release|x64.ActiveCfg = Release|x64
		{E1D107F2-7AC4-48C6-B086-0DD1913922BE}.Release|x64.Build.0 = Release|x64
		{E1D107F2-7AC4-48C6-B086-0DD1913922BE}.Release|x86.ActiveCfg = Release|Win32
		{E1D107F2-7AC4-48C6-B086-0DD1913922BE}.Release|x86.Build.0 = Release|Win32
	EndGlobalSection
	GlobalSection(SolutionProperties) = preSolution
		HideSolutionNode = FALSE
	EndGlobalSection
EndGlobal
