// !$*UTF8*$!
{
	archiveVersion = 1;
	classes = {
	};
	objectVersion = 46;
	objects = {

/* Begin PBXBuildFile section */
		2C7FB83F1C5F9BBC00148CAA /* dom.cpp in Sources */ = {isa = PBXBuildFile; fileRef = 2C7FB83E1C5F9BBC00148CAA /* dom.cpp */; };
		2C7FB8411C5F9BCA00148CAA /* main.cpp in Sources */ = {isa = PBXBuildFile; fileRef = 2C7FB8401C5F9BCA00148CAA /* main.cpp */; };
		2CE5FF7E1C5F99B700CD8537 /* main.m in Sources */ = {isa = PBXBuildFile; fileRef = 2CE5FF7D1C5F99B700CD8537 /* main.m */; };
		2CE5FF891C5F99B700CD8537 /* Assets.xcassets in Resources */ = {isa = PBXBuildFile; fileRef = 2CE5FF881C5F99B700CD8537 /* Assets.xcassets */; };
		F547C98D97E74CABA1FE1500 /* libPods.a in Frameworks */ = {isa = PBXBuildFile; fileRef = 8DAB26F4EB8AD6BBAF405EC6 /* libPods.a */; };
/* End PBXBuildFile section */

/* Begin PBXFileReference section */
		2C7FB83E1C5F9BBC00148CAA /* dom.cpp */ = {isa = PBXFileReference; fileEncoding = 4; lastKnownFileType = sourcecode.cpp.cpp; name = dom.cpp; path = ../src/svgdom/dom.cpp; sourceTree = "<group>"; };
		2C7FB8401C5F9BCA00148CAA /* main.cpp */ = {isa = PBXFileReference; fileEncoding = 4; lastKnownFileType = sourcecode.cpp.cpp; name = main.cpp; path = ../../tests/parse/main.cpp; sourceTree = "<group>"; };
		2CE5FF791C5F99B700CD8537 /* tests.app */ = {isa = PBXFileReference; explicitFileType = wrapper.application; includeInIndex = 0; path = tests.app; sourceTree = BUILT_PRODUCTS_DIR; };
		2CE5FF7D1C5F99B700CD8537 /* main.m */ = {isa = PBXFileReference; lastKnownFileType = sourcecode.c.objc; path = main.m; sourceTree = "<group>"; };
		2CE5FF881C5F99B700CD8537 /* Assets.xcassets */ = {isa = PBXFileReference; lastKnownFileType = folder.assetcatalog; path = Assets.xcassets; sourceTree = "<group>"; };
		2CE5FF8D1C5F99B700CD8537 /* Info.plist */ = {isa = PBXFileReference; lastKnownFileType = text.plist.xml; path = Info.plist; sourceTree = "<group>"; };
		8DAB26F4EB8AD6BBAF405EC6 /* libPods.a */ = {isa = PBXFileReference; explicitFileType = archive.ar; includeInIndex = 0; path = libPods.a; sourceTree = BUILT_PRODUCTS_DIR; };
		C734396D4A69D2F6230CD2BD /* Pods.release.xcconfig */ = {isa = PBXFileReference; includeInIndex = 1; lastKnownFileType = text.xcconfig; name = Pods.release.xcconfig; path = "Pods/Target Support Files/Pods/Pods.release.xcconfig"; sourceTree = "<group>"; };
		D5C2BBEE03370E447E9765D0 /* Pods.debug.xcconfig */ = {isa = PBXFileReference; includeInIndex = 1; lastKnownFileType = text.xcconfig; name = Pods.debug.xcconfig; path = "Pods/Target Support Files/Pods/Pods.debug.xcconfig"; sourceTree = "<group>"; };
/* End PBXFileReference section */

/* Begin PBXFrameworksBuildPhase section */
		2CE5FF761C5F99B700CD8537 /* Frameworks */ = {
			isa = PBXFrameworksBuildPhase;
			buildActionMask = 2147483647;
			files = (
				F547C98D97E74CABA1FE1500 /* libPods.a in Frameworks */,
			);
			runOnlyForDeploymentPostprocessing = 0;
		};
/* End PBXFrameworksBuildPhase section */

/* Begin PBXGroup section */
		2CE5FF701C5F99B700CD8537 = {
			isa = PBXGroup;
			children = (
				2C7FB83E1C5F9BBC00148CAA /* dom.cpp */,
				2CE5FF7B1C5F99B700CD8537 /* tests */,
				2CE5FF7A1C5F99B700CD8537 /* Products */,
				E1651B68FD418487D2560C3E /* Pods */,
				4B4B4C6DC9E12219ED4CA961 /* Frameworks */,
			);
			sourceTree = "<group>";
		};
		2CE5FF7A1C5F99B700CD8537 /* Products */ = {
			isa = PBXGroup;
			children = (
				2CE5FF791C5F99B700CD8537 /* tests.app */,
			);
			name = Products;
			sourceTree = "<group>";
		};
		2CE5FF7B1C5F99B700CD8537 /* tests */ = {
			isa = PBXGroup;
			children = (
				2C7FB8401C5F9BCA00148CAA /* main.cpp */,
				2CE5FF881C5F99B700CD8537 /* Assets.xcassets */,
				2CE5FF8D1C5F99B700CD8537 /* Info.plist */,
				2CE5FF7C1C5F99B700CD8537 /* Supporting Files */,
			);
			path = tests;
			sourceTree = "<group>";
		};
		2CE5FF7C1C5F99B700CD8537 /* Supporting Files */ = {
			isa = PBXGroup;
			children = (
				2CE5FF7D1C5F99B700CD8537 /* main.m */,
			);
			name = "Supporting Files";
			sourceTree = "<group>";
		};
		4B4B4C6DC9E12219ED4CA961 /* Frameworks */ = {
			isa = PBXGroup;
			children = (
				8DAB26F4EB8AD6BBAF405EC6 /* libPods.a */,
			);
			name = Frameworks;
			sourceTree = "<group>";
		};
		E1651B68FD418487D2560C3E /* Pods */ = {
			isa = PBXGroup;
			children = (
				D5C2BBEE03370E447E9765D0 /* Pods.debug.xcconfig */,
				C734396D4A69D2F6230CD2BD /* Pods.release.xcconfig */,
			);
			name = Pods;
			sourceTree = "<group>";
		};
/* End PBXGroup section */

/* Begin PBXNativeTarget section */
		2CE5FF781C5F99B700CD8537 /* tests */ = {
			isa = PBXNativeTarget;
			buildConfigurationList = 2CE5FF901C5F99B700CD8537 /* Build configuration list for PBXNativeTarget "tests" */;
			buildPhases = (
				4651E9503B7DEA097254073C /* Check Pods Manifest.lock */,
				2CE5FF751C5F99B700CD8537 /* Sources */,
				2CE5FF761C5F99B700CD8537 /* Frameworks */,
				2CE5FF771C5F99B700CD8537 /* Resources */,
				FD08A4BB838A79A4D80532D7 /* Embed Pods Frameworks */,
				B8C3CE68E4B73EE92D824BCC /* Copy Pods Resources */,
			);
			buildRules = (
			);
			dependencies = (
			);
			name = tests;
			productName = tests;
			productReference = 2CE5FF791C5F99B700CD8537 /* tests.app */;
			productType = "com.apple.product-type.application";
		};
/* End PBXNativeTarget section */

/* Begin PBXProject section */
		2CE5FF711C5F99B700CD8537 /* Project object */ = {
			isa = PBXProject;
			attributes = {
				LastUpgradeCheck = 0720;
				ORGANIZATIONNAME = "Ivan Gagis";
				TargetAttributes = {
					2CE5FF781C5F99B700CD8537 = {
						CreatedOnToolsVersion = 7.2;
					};
				};
			};
			buildConfigurationList = 2CE5FF741C5F99B700CD8537 /* Build configuration list for PBXProject "tests" */;
			compatibilityVersion = "Xcode 3.2";
			developmentRegion = English;
			hasScannedForEncodings = 0;
			knownRegions = (
				en,
				Base,
			);
			mainGroup = 2CE5FF701C5F99B700CD8537;
			productRefGroup = 2CE5FF7A1C5F99B700CD8537 /* Products */;
			projectDirPath = "";
			projectRoot = "";
			targets = (
				2CE5FF781C5F99B700CD8537 /* tests */,
			);
		};
/* End PBXProject section */

/* Begin PBXResourcesBuildPhase section */
		2CE5FF771C5F99B700CD8537 /* Resources */ = {
			isa = PBXResourcesBuildPhase;
			buildActionMask = 2147483647;
			files = (
				2CE5FF891C5F99B700CD8537 /* Assets.xcassets in Resources */,
			);
			runOnlyForDeploymentPostprocessing = 0;
		};
/* End PBXResourcesBuildPhase section */

/* Begin PBXShellScriptBuildPhase section */
		4651E9503B7DEA097254073C /* Check Pods Manifest.lock */ = {
			isa = PBXShellScriptBuildPhase;
			buildActionMask = 2147483647;
			files = (
			);
			inputPaths = (
			);
			name = "Check Pods Manifest.lock";
			outputPaths = (
			);
			runOnlyForDeploymentPostprocessing = 0;
			shellPath = /bin/sh;
			shellScript = "diff \"${PODS_ROOT}/../Podfile.lock\" \"${PODS_ROOT}/Manifest.lock\" > /dev/null\nif [[ $? != 0 ]] ; then\n    cat << EOM\nerror: The sandbox is not in sync with the Podfile.lock. Run 'pod install' or update your CocoaPods installation.\nEOM\n    exit 1\nfi\n";
			showEnvVarsInLog = 0;
		};
		B8C3CE68E4B73EE92D824BCC /* Copy Pods Resources */ = {
			isa = PBXShellScriptBuildPhase;
			buildActionMask = 2147483647;
			files = (
			);
			inputPaths = (
			);
			name = "Copy Pods Resources";
			outputPaths = (
			);
			runOnlyForDeploymentPostprocessing = 0;
			shellPath = /bin/sh;
			shellScript = "\"${SRCROOT}/Pods/Target Support Files/Pods/Pods-resources.sh\"\n";
			showEnvVarsInLog = 0;
		};
		FD08A4BB838A79A4D80532D7 /* Embed Pods Frameworks */ = {
			isa = PBXShellScriptBuildPhase;
			buildActionMask = 2147483647;
			files = (
			);
			inputPaths = (
			);
			name = "Embed Pods Frameworks";
			outputPaths = (
			);
			runOnlyForDeploymentPostprocessing = 0;
			shellPath = /bin/sh;
			shellScript = "\"${SRCROOT}/Pods/Target Support Files/Pods/Pods-frameworks.sh\"\n";
			showEnvVarsInLog = 0;
		};
/* End PBXShellScriptBuildPhase section */

/* Begin PBXSourcesBuildPhase section */
		2CE5FF751C5F99B700CD8537 /* Sources */ = {
			isa = PBXSourcesBuildPhase;
			buildActionMask = 2147483647;
			files = (
				2C7FB83F1C5F9BBC00148CAA /* dom.cpp in Sources */,
				2CE5FF7E1C5F99B700CD8537 /* main.m in Sources */,
				2C7FB8411C5F9BCA00148CAA /* main.cpp in Sources */,
			);
			runOnlyForDeploymentPostprocessing = 0;
		};
/* End PBXSourcesBuildPhase section */

/* Begin XCBuildConfiguration section */
		2CE5FF8E1C5F99B700CD8537 /* Debug */ = {
			isa = XCBuildConfiguration;
			buildSettings = {
				ALWAYS_SEARCH_USER_PATHS = NO;
				CLANG_CXX_LANGUAGE_STANDARD = "gnu++0x";
				CLANG_CXX_LIBRARY = "libc++";
				CLANG_ENABLE_MODULES = YES;
				CLANG_ENABLE_OBJC_ARC = YES;
				CLANG_WARN_BOOL_CONVERSION = YES;
				CLANG_WARN_CONSTANT_CONVERSION = YES;
				CLANG_WARN_DIRECT_OBJC_ISA_USAGE = YES_ERROR;
				CLANG_WARN_EMPTY_BODY = YES;
				CLANG_WARN_ENUM_CONVERSION = YES;
				CLANG_WARN_INT_CONVERSION = YES;
				CLANG_WARN_OBJC_ROOT_CLASS = YES_ERROR;
				CLANG_WARN_UNREACHABLE_CODE = YES;
				CLANG_WARN__DUPLICATE_METHOD_MATCH = YES;
				"CODE_SIGN_IDENTITY[sdk=iphoneos*]" = "iPhone Developer";
				COPY_PHASE_STRIP = NO;
				DEBUG_INFORMATION_FORMAT = dwarf;
				ENABLE_STRICT_OBJC_MSGSEND = YES;
				ENABLE_TESTABILITY = YES;
				GCC_C_LANGUAGE_STANDARD = gnu99;
				GCC_DYNAMIC_NO_PIC = NO;
				GCC_NO_COMMON_BLOCKS = YES;
				GCC_OPTIMIZATION_LEVEL = 0;
				GCC_PREPROCESSOR_DEFINITIONS = (
					"DEBUG=1",
					"$(inherited)",
				);
				GCC_WARN_64_TO_32_BIT_CONVERSION = YES;
				GCC_WARN_ABOUT_RETURN_TYPE = YES_ERROR;
				GCC_WARN_UNDECLARED_SELECTOR = YES;
				GCC_WARN_UNINITIALIZED_AUTOS = YES_AGGRESSIVE;
				GCC_WARN_UNUSED_FUNCTION = YES;
				GCC_WARN_UNUSED_VARIABLE = YES;
				IPHONEOS_DEPLOYMENT_TARGET = 9.2;
				MTL_ENABLE_DEBUG_INFO = YES;
				ONLY_ACTIVE_ARCH = YES;
				SDKROOT = iphoneos;
				TARGETED_DEVICE_FAMILY = "1,2";
			};
			name = Debug;
		};
		2CE5FF8F1C5F99B700CD8537 /* Release */ = {
			isa = XCBuildConfiguration;
			buildSettings = {
				ALWAYS_SEARCH_USER_PATHS = NO;
				CLANG_CXX_LANGUAGE_STANDARD = "gnu++0x";
				CLANG_CXX_LIBRARY = "libc++";
				CLANG_ENABLE_MODULES = YES;
				CLANG_ENABLE_OBJC_ARC = YES;
				CLANG_WARN_BOOL_CONVERSION = YES;
				CLANG_WARN_CONSTANT_CONVERSION = YES;
				CLANG_WARN_DIRECT_OBJC_ISA_USAGE = YES_ERROR;
				CLANG_WARN_EMPTY_BODY = YES;
				CLANG_WARN_ENUM_CONVERSION = YES;
				CLANG_WARN_INT_CONVERSION = YES;
				CLANG_WARN_OBJC_ROOT_CLASS = YES_ERROR;
				CLANG_WARN_UNREACHABLE_CODE = YES;
				CLANG_WARN__DUPLICATE_METHOD_MATCH = YES;
				"CODE_SIGN_IDENTITY[sdk=iphoneos*]" = "iPhone Developer";
				COPY_PHASE_STRIP = NO;
				DEBUG_INFORMATION_FORMAT = "dwarf-with-dsym";
				ENABLE_NS_ASSERTIONS = NO;
				ENABLE_STRICT_OBJC_MSGSEND = YES;
				GCC_C_LANGUAGE_STANDARD = gnu99;
				GCC_NO_COMMON_BLOCKS = YES;
				GCC_WARN_64_TO_32_BIT_CONVERSION = YES;
				GCC_WARN_ABOUT_RETURN_TYPE = YES_ERROR;
				GCC_WARN_UNDECLARED_SELECTOR = YES;
				GCC_WARN_UNINITIALIZED_AUTOS = YES_AGGRESSIVE;
				GCC_WARN_UNUSED_FUNCTION = YES;
				GCC_WARN_UNUSED_VARIABLE = YES;
				IPHONEOS_DEPLOYMENT_TARGET = 9.2;
				MTL_ENABLE_DEBUG_INFO = NO;
				SDKROOT = iphoneos;
				TARGETED_DEVICE_FAMILY = "1,2";
				VALIDATE_PRODUCT = YES;
			};
			name = Release;
		};
		2CE5FF911C5F99B700CD8537 /* Debug */ = {
			isa = XCBuildConfiguration;
			baseConfigurationReference = D5C2BBEE03370E447E9765D0 /* Pods.debug.xcconfig */;
			buildSettings = {
				ASSETCATALOG_COMPILER_APPICON_NAME = AppIcon;
				INFOPLIST_FILE = tests/Info.plist;
				LD_RUNPATH_SEARCH_PATHS = "$(inherited) @executable_path/Frameworks";
				PRODUCT_BUNDLE_IDENTIFIER = org.igagis.tests;
				PRODUCT_NAME = "$(TARGET_NAME)";
			};
			name = Debug;
		};
		2CE5FF921C5F99B700CD8537 /* Release */ = {
			isa = XCBuildConfiguration;
			baseConfigurationReference = C734396D4A69D2F6230CD2BD /* Pods.release.xcconfig */;
			buildSettings = {
				ASSETCATALOG_COMPILER_APPICON_NAME = AppIcon;
				INFOPLIST_FILE = tests/Info.plist;
				LD_RUNPATH_SEARCH_PATHS = "$(inherited) @executable_path/Frameworks";
				PRODUCT_BUNDLE_IDENTIFIER = org.igagis.tests;
				PRODUCT_NAME = "$(TARGET_NAME)";
			};
			name = Release;
		};
/* End XCBuildConfiguration section */

/* Begin XCConfigurationList section */
		2CE5FF741C5F99B700CD8537 /* Build configuration list for PBXProject "tests" */ = {
			isa = XCConfigurationList;
			buildConfigurations = (
				2CE5FF8E1C5F99B700CD8537 /* Debug */,
				2CE5FF8F1C5F99B700CD8537 /* Release */,
			);
			defaultConfigurationIsVisible = 0;
			defaultConfigurationName = Release;
		};
		2CE5FF901C5F99B700CD8537 /* Build configuration list for PBXNativeTarget "tests" */ = {
			isa = XCConfigurationList;
			buildConfigurations = (
				2CE5FF911C5F99B700CD8537 /* Debug */,
				2CE5FF921C5F99B700CD8537 /* Release */,
			);
			defaultConfigurationIsVisible = 0;
			defaultConfigurationName = Release;
		};
/* End XCConfigurationList section */
	};
	rootObject = 2CE5FF711C5F99B700CD8537 /* Project object */;
}
