<?xml version="1.0" encoding="utf-8"?>
<Project ToolsVersion="4.0" xmlns="http://schemas.microsoft.com/developer/msbuild/2003">
  <ItemGroup>
    <Filter Include="Source Files">
      <UniqueIdentifier>{4FC737F1-C7A5-4376-A066-2A32D752A2FF}</UniqueIdentifier>
      <Extensions>cpp;c;cc;cxx;def;odl;idl;hpj;bat;asm;asmx</Extensions>
    </Filter>
    <Filter Include="Header Files">
      <UniqueIdentifier>{93995380-89BD-4b04-88EB-625FBE52EBFB}</UniqueIdentifier>
      <Extensions>h;hh;hpp;hxx;hm;inl;inc;xsd</Extensions>
    </Filter>
    <Filter Include="Resource Files">
      <UniqueIdentifier>{67DA6AB6-F800-4c08-8B7A-83BB121AAD01}</UniqueIdentifier>
      <Extensions>rc;ico;cur;bmp;dlg;rc2;rct;bin;rgs;gif;jpg;jpeg;jpe;resx;tiff;tif;png;wav;mfcribbon-ms</Extensions>
    </Filter>
  </ItemGroup>
  <ItemGroup>
    <Text Include="ReadMe.txt" />
  </ItemGroup>
  <ItemGroup>
    <ClInclude Include="..\..\src\svgdom\Cloner.hpp">
      <Filter>Header Files</Filter>
    </ClInclude>
    <ClInclude Include="..\..\src\svgdom\config.hpp" />
    <ClInclude Include="..\..\src\svgdom\dom.hpp" />
    <ClInclude Include="..\..\src\svgdom\elements\AspectRatioed.hpp" />
    <ClInclude Include="..\..\src\svgdom\elements\Container.hpp" />
    <ClInclude Include="..\..\src\svgdom\elements\Element.hpp" />
    <ClInclude Include="..\..\src\svgdom\elements\Filter.hpp" />
    <ClInclude Include="..\..\src\svgdom\elements\Gradients.hpp" />
    <ClInclude Include="..\..\src\svgdom\elements\ImageElement.hpp" />
    <ClInclude Include="..\..\src\svgdom\elements\Rectangle.hpp" />
    <ClInclude Include="..\..\src\svgdom\elements\Referencing.hpp" />
    <ClInclude Include="..\..\src\svgdom\elements\Shapes.hpp" />
    <ClInclude Include="..\..\src\svgdom\elements\Structurals.hpp" />
    <ClInclude Include="..\..\src\svgdom\elements\Styleable.hpp" />
    <ClInclude Include="..\..\src\svgdom\elements\Transformable.hpp" />
    <ClInclude Include="..\..\src\svgdom\elements\ViewBoxed.hpp" />
    <ClInclude Include="..\..\src\svgdom\Finder.hpp" />
    <ClInclude Include="..\..\src\svgdom\Length.hpp" />
    <ClInclude Include="..\..\src\svgdom\StreamWriter.hpp" />
    <ClInclude Include="..\..\src\svgdom\StyleStack.hpp" />
    <ClInclude Include="..\..\src\svgdom\Visitor.hpp" />
    <ClInclude Include="..\..\src\svgdom\Cloner.hpp">
      <Filter>Header Files</Filter>
    </ClInclude>
    <ClInclude Include="..\..\src\svgdom\config.hpp" />
    <ClInclude Include="..\..\src\svgdom\dom.hpp" />
    <ClInclude Include="..\..\src\svgdom\elements\AspectRatioed.hpp" />
    <ClInclude Include="..\..\src\svgdom\elements\Container.hpp" />
    <ClInclude Include="..\..\src\svgdom\elements\Element.hpp" />
    <ClInclude Include="..\..\src\svgdom\elements\Filter.hpp" />
    <ClInclude Include="..\..\src\svgdom\elements\Gradients.hpp" />
    <ClInclude Include="..\..\src\svgdom\elements\ImageElement.hpp" />
    <ClInclude Include="..\..\src\svgdom\elements\Rectangle.hpp" />
    <ClInclude Include="..\..\src\svgdom\elements\Referencing.hpp" />
    <ClInclude Include="..\..\src\svgdom\elements\Shapes.hpp" />
    <ClInclude Include="..\..\src\svgdom\elements\Structurals.hpp" />
    <ClInclude Include="..\..\src\svgdom\elements\Styleable.hpp" />
    <ClInclude Include="..\..\src\svgdom\elements\Transformable.hpp" />
    <ClInclude Include="..\..\src\svgdom\elements\ViewBoxed.hpp" />
    <ClInclude Include="..\..\src\svgdom\Finder.hpp" />
    <ClInclude Include="..\..\src\svgdom\Length.hpp" />
    <ClInclude Include="..\..\src\svgdom\StreamWriter.hpp" />
    <ClInclude Include="..\..\src\svgdom\StyleStack.hpp" />
    <ClInclude Include="..\..\src\svgdom\Visitor.hpp" />
    <ClInclude Include="..\..\src\svgdom\Cloner.hpp">
      <Filter>Header Files</Filter>
    </ClInclude>
    <ClInclude Include="..\..\src\svgdom\config.hpp" />
    <ClInclude Include="..\..\src\svgdom\dom.hpp" />
    <ClInclude Include="..\..\src\svgdom\elements\AspectRatioed.hpp" />
    <ClInclude Include="..\..\src\svgdom\elements\Container.hpp" />
    <ClInclude Include="..\..\src\svgdom\elements\Element.hpp" />
    <ClInclude Include="..\..\src\svgdom\elements\Filter.hpp" />
    <ClInclude Include="..\..\src\svgdom\elements\Gradients.hpp" />
    <ClInclude Include="..\..\src\svgdom\elements\ImageElement.hpp" />
    <ClInclude Include="..\..\src\svgdom\elements\Rectangle.hpp" />
    <ClInclude Include="..\..\src\svgdom\elements\Referencing.hpp" />
    <ClInclude Include="..\..\src\svgdom\elements\Shapes.hpp" />
    <ClInclude Include="..\..\src\svgdom\elements\Structurals.hpp" />
    <ClInclude Include="..\..\src\svgdom\elements\Styleable.hpp" />
    <ClInclude Include="..\..\src\svgdom\elements\Transformable.hpp" />
    <ClInclude Include="..\..\src\svgdom\elements\ViewBoxed.hpp" />
    <ClInclude Include="..\..\src\svgdom\Finder.hpp" />
    <ClInclude Include="..\..\src\svgdom\Length.hpp" />
    <ClInclude Include="..\..\src\svgdom\StreamWriter.hpp" />
    <ClInclude Include="..\..\src\svgdom\StyleStack.hpp" />
    <ClInclude Include="..\..\src\svgdom\Visitor.hpp" />
    <ClInclude Include="..\..\src\svgdom\Cloner.hpp">
      <Filter>Header Files</Filter>
    </ClInclude>
    <ClInclude Include="..\..\src\svgdom\config.hpp" />
    <ClInclude Include="..\..\src\svgdom\dom.hpp" />
    <ClInclude Include="..\..\src\svgdom\elements\AspectRatioed.hpp" />
    <ClInclude Include="..\..\src\svgdom\elements\Container.hpp" />
    <ClInclude Include="..\..\src\svgdom\elements\Element.hpp" />
    <ClInclude Include="..\..\src\svgdom\elements\Filter.hpp" />
    <ClInclude Include="..\..\src\svgdom\elements\Gradients.hpp" />
    <ClInclude Include="..\..\src\svgdom\elements\ImageElement.hpp" />
    <ClInclude Include="..\..\src\svgdom\elements\Rectangle.hpp" />
    <ClInclude Include="..\..\src\svgdom\elements\Referencing.hpp" />
    <ClInclude Include="..\..\src\svgdom\elements\Shapes.hpp" />
    <ClInclude Include="..\..\src\svgdom\elements\Structurals.hpp" />
    <ClInclude Include="..\..\src\svgdom\elements\Styleable.hpp" />
    <ClInclude Include="..\..\src\svgdom\elements\Transformable.hpp" />
    <ClInclude Include="..\..\src\svgdom\elements\ViewBoxed.hpp" />
    <ClInclude Include="..\..\src\svgdom\Finder.hpp" />
    <ClInclude Include="..\..\src\svgdom\Length.hpp" />
    <ClInclude Include="..\..\src\svgdom\StreamWriter.hpp" />
    <ClInclude Include="..\..\src\svgdom\StyleStack.hpp" />
    <ClInclude Include="..\..\src\svgdom\Visitor.hpp" />
    <ClInclude Include="..\..\src\svgdom\Cloner.hpp">
      <Filter>Header Files</Filter>
    </ClInclude>
    <ClInclude Include="..\..\src\svgdom\config.hpp" />
    <ClInclude Include="..\..\src\svgdom\CoordinateUnits.hpp" />
    <ClInclude Include="..\..\src\svgdom\dom.hpp" />
    <ClInclude Include="..\..\src\svgdom\elements\AspectRatioed.hpp" />
    <ClInclude Include="..\..\src\svgdom\elements\Container.hpp" />
    <ClInclude Include="..\..\src\svgdom\elements\Element.hpp" />
    <ClInclude Include="..\..\src\svgdom\elements\Filter.hpp" />
    <ClInclude Include="..\..\src\svgdom\elements\Gradients.hpp" />
    <ClInclude Include="..\..\src\svgdom\elements\ImageElement.hpp" />
    <ClInclude Include="..\..\src\svgdom\elements\Rectangle.hpp" />
    <ClInclude Include="..\..\src\svgdom\elements\Referencing.hpp" />
    <ClInclude Include="..\..\src\svgdom\elements\Shapes.hpp" />
    <ClInclude Include="..\..\src\svgdom\elements\Structurals.hpp" />
    <ClInclude Include="..\..\src\svgdom\elements\Styleable.hpp" />
    <ClInclude Include="..\..\src\svgdom\elements\Transformable.hpp" />
    <ClInclude Include="..\..\src\svgdom\elements\ViewBoxed.hpp" />
    <ClInclude Include="..\..\src\svgdom\Exc.hpp" />
    <ClInclude Include="..\..\src\svgdom\Finder.hpp" />
    <ClInclude Include="..\..\src\svgdom\Length.hpp" />
    <ClInclude Include="..\..\src\svgdom\StreamWriter.hpp" />
    <ClInclude Include="..\..\src\svgdom\StyleStack.hpp" />
    <ClInclude Include="..\..\src\svgdom\Visitor.hpp" />
    <ClInclude Include="..\..\src\svgdom\Cloner.hpp">
      <Filter>Header Files</Filter>
    </ClInclude>
    <ClInclude Include="..\..\src\svgdom\config.hpp" />
    <ClInclude Include="..\..\src\svgdom\CoordinateUnits.hpp" />
    <ClInclude Include="..\..\src\svgdom\dom.hpp" />
    <ClInclude Include="..\..\src\svgdom\elements\AspectRatioed.hpp" />
    <ClInclude Include="..\..\src\svgdom\elements\Container.hpp" />
    <ClInclude Include="..\..\src\svgdom\elements\Element.hpp" />
    <ClInclude Include="..\..\src\svgdom\elements\Filter.hpp" />
    <ClInclude Include="..\..\src\svgdom\elements\Gradients.hpp" />
    <ClInclude Include="..\..\src\svgdom\elements\ImageElement.hpp" />
    <ClInclude Include="..\..\src\svgdom\elements\Rectangle.hpp" />
    <ClInclude Include="..\..\src\svgdom\elements\Referencing.hpp" />
    <ClInclude Include="..\..\src\svgdom\elements\Shapes.hpp" />
    <ClInclude Include="..\..\src\svgdom\elements\Structurals.hpp" />
    <ClInclude Include="..\..\src\svgdom\elements\Styleable.hpp" />
    <ClInclude Include="..\..\src\svgdom\elements\Transformable.hpp" />
    <ClInclude Include="..\..\src\svgdom\elements\ViewBoxed.hpp" />
    <ClInclude Include="..\..\src\svgdom\Exc.hpp" />
    <ClInclude Include="..\..\src\svgdom\Finder.hpp" />
    <ClInclude Include="..\..\src\svgdom\Length.hpp" />
    <ClInclude Include="..\..\src\svgdom\StreamWriter.hpp" />
    <ClInclude Include="..\..\src\svgdom\StyleStack.hpp" />
    <ClInclude Include="..\..\src\svgdom\Visitor.hpp" />
    <ClInclude Include="..\..\src\svgdom\Cloner.hpp">
      <Filter>Header Files</Filter>
    </ClInclude>
    <ClInclude Include="..\..\src\svgdom\config.hpp" />
    <ClInclude Include="..\..\src\svgdom\CoordinateUnits.hpp" />
    <ClInclude Include="..\..\src\svgdom\dom.hpp" />
    <ClInclude Include="..\..\src\svgdom\elements\AspectRatioed.hpp" />
    <ClInclude Include="..\..\src\svgdom\elements\Container.hpp" />
    <ClInclude Include="..\..\src\svgdom\elements\Element.hpp" />
    <ClInclude Include="..\..\src\svgdom\elements\Filter.hpp" />
    <ClInclude Include="..\..\src\svgdom\elements\Gradients.hpp" />
    <ClInclude Include="..\..\src\svgdom\elements\ImageElement.hpp" />
    <ClInclude Include="..\..\src\svgdom\elements\Rectangle.hpp" />
    <ClInclude Include="..\..\src\svgdom\elements\Referencing.hpp" />
    <ClInclude Include="..\..\src\svgdom\elements\Shapes.hpp" />
    <ClInclude Include="..\..\src\svgdom\elements\Structurals.hpp" />
    <ClInclude Include="..\..\src\svgdom\elements\Styleable.hpp" />
    <ClInclude Include="..\..\src\svgdom\elements\Transformable.hpp" />
    <ClInclude Include="..\..\src\svgdom\elements\ViewBoxed.hpp" />
    <ClInclude Include="..\..\src\svgdom\Exc.hpp" />
    <ClInclude Include="..\..\src\svgdom\Finder.hpp" />
    <ClInclude Include="..\..\src\svgdom\Length.hpp" />
    <ClInclude Include="..\..\src\svgdom\StreamWriter.hpp" />
    <ClInclude Include="..\..\src\svgdom\StyleStack.hpp" />
    <ClInclude Include="..\..\src\svgdom\Visitor.hpp" />
    <ClInclude Include="..\..\src\svgdom\Cloner.hpp">
      <Filter>Header Files</Filter>
    </ClInclude>
    <ClInclude Include="..\..\src\svgdom\config.hpp" />
    <ClInclude Include="..\..\src\svgdom\CoordinateUnits.hpp" />
    <ClInclude Include="..\..\src\svgdom\dom.hpp" />
    <ClInclude Include="..\..\src\svgdom\elements\AspectRatioed.hpp" />
    <ClInclude Include="..\..\src\svgdom\elements\Container.hpp" />
    <ClInclude Include="..\..\src\svgdom\elements\Element.hpp" />
    <ClInclude Include="..\..\src\svgdom\elements\Filter.hpp" />
    <ClInclude Include="..\..\src\svgdom\elements\Gradients.hpp" />
    <ClInclude Include="..\..\src\svgdom\elements\ImageElement.hpp" />
    <ClInclude Include="..\..\src\svgdom\elements\Rectangle.hpp" />
    <ClInclude Include="..\..\src\svgdom\elements\Referencing.hpp" />
    <ClInclude Include="..\..\src\svgdom\elements\Shapes.hpp" />
    <ClInclude Include="..\..\src\svgdom\elements\Structurals.hpp" />
    <ClInclude Include="..\..\src\svgdom\elements\Styleable.hpp" />
    <ClInclude Include="..\..\src\svgdom\elements\Transformable.hpp" />
    <ClInclude Include="..\..\src\svgdom\elements\ViewBoxed.hpp" />
    <ClInclude Include="..\..\src\svgdom\Exc.hpp" />
    <ClInclude Include="..\..\src\svgdom\Finder.hpp" />
    <ClInclude Include="..\..\src\svgdom\Length.hpp" />
    <ClInclude Include="..\..\src\svgdom\StreamWriter.hpp" />
    <ClInclude Include="..\..\src\svgdom\StyleStack.hpp" />
    <ClInclude Include="..\..\src\svgdom\Visitor.hpp" />
    <ClInclude Include="..\..\src\svgdom\Cloner.hpp">
      <Filter>Header Files</Filter>
    </ClInclude>
    <ClInclude Include="..\..\src\svgdom\config.hpp" />
    <ClInclude Include="..\..\src\svgdom\CoordinateUnits.hpp" />
    <ClInclude Include="..\..\src\svgdom\dom.hpp" />
    <ClInclude Include="..\..\src\svgdom\elements\AspectRatioed.hpp" />
    <ClInclude Include="..\..\src\svgdom\elements\Container.hpp" />
    <ClInclude Include="..\..\src\svgdom\elements\Element.hpp" />
    <ClInclude Include="..\..\src\svgdom\elements\Filter.hpp" />
    <ClInclude Include="..\..\src\svgdom\elements\Gradients.hpp" />
    <ClInclude Include="..\..\src\svgdom\elements\ImageElement.hpp" />
    <ClInclude Include="..\..\src\svgdom\elements\Rectangle.hpp" />
    <ClInclude Include="..\..\src\svgdom\elements\Referencing.hpp" />
    <ClInclude Include="..\..\src\svgdom\elements\Shapes.hpp" />
    <ClInclude Include="..\..\src\svgdom\elements\Structurals.hpp" />
    <ClInclude Include="..\..\src\svgdom\elements\Styleable.hpp" />
    <ClInclude Include="..\..\src\svgdom\elements\Transformable.hpp" />
    <ClInclude Include="..\..\src\svgdom\elements\ViewBoxed.hpp" />
    <ClInclude Include="..\..\src\svgdom\Exc.hpp" />
    <ClInclude Include="..\..\src\svgdom\Finder.hpp" />
    <ClInclude Include="..\..\src\svgdom\Length.hpp" />
    <ClInclude Include="..\..\src\svgdom\StreamWriter.hpp" />
    <ClInclude Include="..\..\src\svgdom\StyleStack.hpp" />
    <ClInclude Include="..\..\src\svgdom\Visitor.hpp" />
    <ClInclude Include="..\..\src\svgdom\Cloner.hpp">
      <Filter>Header Files</Filter>
    </ClInclude>
    <ClInclude Include="..\..\src\svgdom\config.hpp" />
    <ClInclude Include="..\..\src\svgdom\CoordinateUnits.hpp" />
    <ClInclude Include="..\..\src\svgdom\dom.hpp" />
    <ClInclude Include="..\..\src\svgdom\elements\AspectRatioed.hpp" />
    <ClInclude Include="..\..\src\svgdom\elements\Container.hpp" />
    <ClInclude Include="..\..\src\svgdom\elements\Element.hpp" />
    <ClInclude Include="..\..\src\svgdom\elements\Filter.hpp" />
    <ClInclude Include="..\..\src\svgdom\elements\Gradients.hpp" />
    <ClInclude Include="..\..\src\svgdom\elements\ImageElement.hpp" />
    <ClInclude Include="..\..\src\svgdom\elements\Rectangle.hpp" />
    <ClInclude Include="..\..\src\svgdom\elements\Referencing.hpp" />
    <ClInclude Include="..\..\src\svgdom\elements\Shapes.hpp" />
    <ClInclude Include="..\..\src\svgdom\elements\Structurals.hpp" />
    <ClInclude Include="..\..\src\svgdom\elements\Styleable.hpp" />
    <ClInclude Include="..\..\src\svgdom\elements\Transformable.hpp" />
    <ClInclude Include="..\..\src\svgdom\elements\ViewBoxed.hpp" />
    <ClInclude Include="..\..\src\svgdom\Exc.hpp" />
    <ClInclude Include="..\..\src\svgdom\Finder.hpp" />
    <ClInclude Include="..\..\src\svgdom\Length.hpp" />
    <ClInclude Include="..\..\src\svgdom\StreamWriter.hpp" />
    <ClInclude Include="..\..\src\svgdom\StyleStack.hpp" />
    <ClInclude Include="..\..\src\svgdom\Visitor.hpp" />
    <ClInclude Include="..\..\src\svgdom\Cloner.hpp">
      <Filter>Header Files</Filter>
    </ClInclude>
    <ClInclude Include="..\..\src\svgdom\config.hpp" />
    <ClInclude Include="..\..\src\svgdom\CoordinateUnits.hpp" />
    <ClInclude Include="..\..\src\svgdom\dom.hpp" />
    <ClInclude Include="..\..\src\svgdom\elements\AspectRatioed.hpp" />
    <ClInclude Include="..\..\src\svgdom\elements\Container.hpp" />
    <ClInclude Include="..\..\src\svgdom\elements\Element.hpp" />
    <ClInclude Include="..\..\src\svgdom\elements\Filter.hpp" />
    <ClInclude Include="..\..\src\svgdom\elements\Gradients.hpp" />
    <ClInclude Include="..\..\src\svgdom\elements\ImageElement.hpp" />
    <ClInclude Include="..\..\src\svgdom\elements\Rectangle.hpp" />
    <ClInclude Include="..\..\src\svgdom\elements\Referencing.hpp" />
    <ClInclude Include="..\..\src\svgdom\elements\Shapes.hpp" />
    <ClInclude Include="..\..\src\svgdom\elements\Structurals.hpp" />
    <ClInclude Include="..\..\src\svgdom\elements\Styleable.hpp" />
    <ClInclude Include="..\..\src\svgdom\elements\Transformable.hpp" />
    <ClInclude Include="..\..\src\svgdom\elements\ViewBoxed.hpp" />
    <ClInclude Include="..\..\src\svgdom\Exc.hpp" />
    <ClInclude Include="..\..\src\svgdom\Finder.hpp" />
    <ClInclude Include="..\..\src\svgdom\Length.hpp" />
    <ClInclude Include="..\..\src\svgdom\StreamWriter.hpp" />
    <ClInclude Include="..\..\src\svgdom\StyleStack.hpp" />
    <ClInclude Include="..\..\src\svgdom\Visitor.hpp" />
    <ClInclude Include="..\..\src\svgdom\Cloner.hpp">
      <Filter>Header Files</Filter>
    </ClInclude>
    <ClInclude Include="..\..\src\svgdom\config.hpp" />
    <ClInclude Include="..\..\src\svgdom\CoordinateUnits.hpp" />
    <ClInclude Include="..\..\src\svgdom\dom.hpp" />
    <ClInclude Include="..\..\src\svgdom\elements\AspectRatioed.hpp" />
    <ClInclude Include="..\..\src\svgdom\elements\Container.hpp" />
    <ClInclude Include="..\..\src\svgdom\elements\Element.hpp" />
    <ClInclude Include="..\..\src\svgdom\elements\Filter.hpp" />
    <ClInclude Include="..\..\src\svgdom\elements\Gradients.hpp" />
    <ClInclude Include="..\..\src\svgdom\elements\ImageElement.hpp" />
    <ClInclude Include="..\..\src\svgdom\elements\Rectangle.hpp" />
    <ClInclude Include="..\..\src\svgdom\elements\Referencing.hpp" />
    <ClInclude Include="..\..\src\svgdom\elements\Shapes.hpp" />
    <ClInclude Include="..\..\src\svgdom\elements\Structurals.hpp" />
    <ClInclude Include="..\..\src\svgdom\elements\Styleable.hpp" />
    <ClInclude Include="..\..\src\svgdom\elements\Transformable.hpp" />
    <ClInclude Include="..\..\src\svgdom\elements\ViewBoxed.hpp" />
    <ClInclude Include="..\..\src\svgdom\Exc.hpp" />
    <ClInclude Include="..\..\src\svgdom\Finder.hpp" />
    <ClInclude Include="..\..\src\svgdom\Length.hpp" />
    <ClInclude Include="..\..\src\svgdom\StreamWriter.hpp" />
    <ClInclude Include="..\..\src\svgdom\StyleStack.hpp" />
    <ClInclude Include="..\..\src\svgdom\Visitor.hpp" />
    <ClInclude Include="..\..\src\svgdom\Cloner.hpp">
      <Filter>Header Files</Filter>
    </ClInclude>
    <ClInclude Include="..\..\src\svgdom\config.hpp" />
    <ClInclude Include="..\..\src\svgdom\CoordinateUnits.hpp" />
    <ClInclude Include="..\..\src\svgdom\dom.hpp" />
    <ClInclude Include="..\..\src\svgdom\elements\AspectRatioed.hpp" />
    <ClInclude Include="..\..\src\svgdom\elements\Container.hpp" />
    <ClInclude Include="..\..\src\svgdom\elements\Element.hpp" />
    <ClInclude Include="..\..\src\svgdom\elements\Filter.hpp" />
    <ClInclude Include="..\..\src\svgdom\elements\Gradients.hpp" />
    <ClInclude Include="..\..\src\svgdom\elements\ImageElement.hpp" />
    <ClInclude Include="..\..\src\svgdom\elements\Rectangle.hpp" />
    <ClInclude Include="..\..\src\svgdom\elements\Referencing.hpp" />
    <ClInclude Include="..\..\src\svgdom\elements\Shapes.hpp" />
    <ClInclude Include="..\..\src\svgdom\elements\Structurals.hpp" />
    <ClInclude Include="..\..\src\svgdom\elements\Styleable.hpp" />
    <ClInclude Include="..\..\src\svgdom\elements\Transformable.hpp" />
    <ClInclude Include="..\..\src\svgdom\elements\ViewBoxed.hpp" />
    <ClInclude Include="..\..\src\svgdom\Exc.hpp" />
    <ClInclude Include="..\..\src\svgdom\Finder.hpp" />
    <ClInclude Include="..\..\src\svgdom\Length.hpp" />
    <ClInclude Include="..\..\src\svgdom\StreamWriter.hpp" />
    <ClInclude Include="..\..\src\svgdom\StyleStack.hpp" />
    <ClInclude Include="..\..\src\svgdom\Visitor.hpp" />
    <ClInclude Include="..\..\src\svgdom\Cloner.hpp">
      <Filter>Header Files</Filter>
    </ClInclude>
    <ClInclude Include="..\..\src\svgdom\config.hpp" />
    <ClInclude Include="..\..\src\svgdom\CoordinateUnits.hpp" />
    <ClInclude Include="..\..\src\svgdom\dom.hpp" />
    <ClInclude Include="..\..\src\svgdom\elements\AspectRatioed.hpp" />
    <ClInclude Include="..\..\src\svgdom\elements\Container.hpp" />
    <ClInclude Include="..\..\src\svgdom\elements\Element.hpp" />
    <ClInclude Include="..\..\src\svgdom\elements\Filter.hpp" />
    <ClInclude Include="..\..\src\svgdom\elements\Gradients.hpp" />
    <ClInclude Include="..\..\src\svgdom\elements\ImageElement.hpp" />
    <ClInclude Include="..\..\src\svgdom\elements\Rectangle.hpp" />
    <ClInclude Include="..\..\src\svgdom\elements\Referencing.hpp" />
    <ClInclude Include="..\..\src\svgdom\elements\Shapes.hpp" />
    <ClInclude Include="..\..\src\svgdom\elements\Structurals.hpp" />
    <ClInclude Include="..\..\src\svgdom\elements\Styleable.hpp" />
    <ClInclude Include="..\..\src\svgdom\elements\Transformable.hpp" />
    <ClInclude Include="..\..\src\svgdom\elements\ViewBoxed.hpp" />
    <ClInclude Include="..\..\src\svgdom\Exc.hpp" />
    <ClInclude Include="..\..\src\svgdom\Finder.hpp" />
    <ClInclude Include="..\..\src\svgdom\Length.hpp" />
    <ClInclude Include="..\..\src\svgdom\StreamWriter.hpp" />
    <ClInclude Include="..\..\src\svgdom\StyleStack.hpp" />
    <ClInclude Include="..\..\src\svgdom\Visitor.hpp" />
    <ClInclude Include="..\..\src\svgdom\Cloner.hpp">
      <Filter>Header Files</Filter>
    </ClInclude>
    <ClInclude Include="..\..\src\svgdom\config.hpp" />
    <ClInclude Include="..\..\src\svgdom\CoordinateUnits.hpp" />
    <ClInclude Include="..\..\src\svgdom\dom.hpp" />
    <ClInclude Include="..\..\src\svgdom\elements\AspectRatioed.hpp" />
    <ClInclude Include="..\..\src\svgdom\elements\Container.hpp" />
    <ClInclude Include="..\..\src\svgdom\elements\Element.hpp" />
    <ClInclude Include="..\..\src\svgdom\elements\Filter.hpp" />
    <ClInclude Include="..\..\src\svgdom\elements\Gradients.hpp" />
    <ClInclude Include="..\..\src\svgdom\elements\ImageElement.hpp" />
    <ClInclude Include="..\..\src\svgdom\elements\Rectangle.hpp" />
    <ClInclude Include="..\..\src\svgdom\elements\Referencing.hpp" />
    <ClInclude Include="..\..\src\svgdom\elements\Shapes.hpp" />
    <ClInclude Include="..\..\src\svgdom\elements\Structurals.hpp" />
    <ClInclude Include="..\..\src\svgdom\elements\Styleable.hpp" />
    <ClInclude Include="..\..\src\svgdom\elements\Transformable.hpp" />
    <ClInclude Include="..\..\src\svgdom\elements\ViewBoxed.hpp" />
    <ClInclude Include="..\..\src\svgdom\Exc.hpp" />
    <ClInclude Include="..\..\src\svgdom\Finder.hpp" />
    <ClInclude Include="..\..\src\svgdom\Length.hpp" />
    <ClInclude Include="..\..\src\svgdom\StreamWriter.hpp" />
    <ClInclude Include="..\..\src\svgdom\StyleStack.hpp" />
    <ClInclude Include="..\..\src\svgdom\Visitor.hpp" />
    <ClInclude Include="..\..\src\svgdom\Cloner.hpp">
      <Filter>Header Files</Filter>
    </ClInclude>
    <ClInclude Include="..\..\src\svgdom\config.hpp" />
    <ClInclude Include="..\..\src\svgdom\CoordinateUnits.hpp" />
    <ClInclude Include="..\..\src\svgdom\dom.hpp" />
    <ClInclude Include="..\..\src\svgdom\elements\AspectRatioed.hpp" />
    <ClInclude Include="..\..\src\svgdom\elements\Container.hpp" />
    <ClInclude Include="..\..\src\svgdom\elements\Element.hpp" />
    <ClInclude Include="..\..\src\svgdom\elements\Filter.hpp" />
    <ClInclude Include="..\..\src\svgdom\elements\Gradients.hpp" />
    <ClInclude Include="..\..\src\svgdom\elements\ImageElement.hpp" />
    <ClInclude Include="..\..\src\svgdom\elements\Rectangle.hpp" />
    <ClInclude Include="..\..\src\svgdom\elements\Referencing.hpp" />
    <ClInclude Include="..\..\src\svgdom\elements\Shapes.hpp" />
    <ClInclude Include="..\..\src\svgdom\elements\Structurals.hpp" />
    <ClInclude Include="..\..\src\svgdom\elements\Styleable.hpp" />
    <ClInclude Include="..\..\src\svgdom\elements\Transformable.hpp" />
    <ClInclude Include="..\..\src\svgdom\elements\ViewBoxed.hpp" />
    <ClInclude Include="..\..\src\svgdom\Exc.hpp" />
    <ClInclude Include="..\..\src\svgdom\Finder.hpp" />
    <ClInclude Include="..\..\src\svgdom\Length.hpp" />
    <ClInclude Include="..\..\src\svgdom\StreamWriter.hpp" />
    <ClInclude Include="..\..\src\svgdom\StyleStack.hpp" />
    <ClInclude Include="..\..\src\svgdom\Visitor.hpp" />
    <ClInclude Include="..\..\src\svgdom\Cloner.hpp">
      <Filter>Header Files</Filter>
    </ClInclude>
    <ClInclude Include="..\..\src\svgdom\config.hpp" />
    <ClInclude Include="..\..\src\svgdom\CoordinateUnits.hpp" />
    <ClInclude Include="..\..\src\svgdom\dom.hpp" />
    <ClInclude Include="..\..\src\svgdom\elements\AspectRatioed.hpp" />
    <ClInclude Include="..\..\src\svgdom\elements\Container.hpp" />
    <ClInclude Include="..\..\src\svgdom\elements\Element.hpp" />
    <ClInclude Include="..\..\src\svgdom\elements\Filter.hpp" />
    <ClInclude Include="..\..\src\svgdom\elements\Gradients.hpp" />
    <ClInclude Include="..\..\src\svgdom\elements\ImageElement.hpp" />
    <ClInclude Include="..\..\src\svgdom\elements\Rectangle.hpp" />
    <ClInclude Include="..\..\src\svgdom\elements\Referencing.hpp" />
    <ClInclude Include="..\..\src\svgdom\elements\Shapes.hpp" />
    <ClInclude Include="..\..\src\svgdom\elements\Structurals.hpp" />
    <ClInclude Include="..\..\src\svgdom\elements\Styleable.hpp" />
    <ClInclude Include="..\..\src\svgdom\elements\Transformable.hpp" />
    <ClInclude Include="..\..\src\svgdom\elements\ViewBoxed.hpp" />
    <ClInclude Include="..\..\src\svgdom\Exc.hpp" />
    <ClInclude Include="..\..\src\svgdom\Finder.hpp" />
    <ClInclude Include="..\..\src\svgdom\Length.hpp" />
    <ClInclude Include="..\..\src\svgdom\StreamWriter.hpp" />
    <ClInclude Include="..\..\src\svgdom\StyleStack.hpp" />
    <ClInclude Include="..\..\src\svgdom\Visitor.hpp" />
    <ClInclude Include="..\..\src\svgdom\Cloner.hpp">
      <Filter>Header Files</Filter>
    </ClInclude>
    <ClInclude Include="..\..\src\svgdom\config.hpp" />
    <ClInclude Include="..\..\src\svgdom\CoordinateUnits.hpp" />
    <ClInclude Include="..\..\src\svgdom\dom.hpp" />
    <ClInclude Include="..\..\src\svgdom\elements\AspectRatioed.hpp" />
    <ClInclude Include="..\..\src\svgdom\elements\Container.hpp" />
    <ClInclude Include="..\..\src\svgdom\elements\Element.hpp" />
    <ClInclude Include="..\..\src\svgdom\elements\Filter.hpp" />
    <ClInclude Include="..\..\src\svgdom\elements\Gradients.hpp" />
    <ClInclude Include="..\..\src\svgdom\elements\ImageElement.hpp" />
    <ClInclude Include="..\..\src\svgdom\elements\Rectangle.hpp" />
    <ClInclude Include="..\..\src\svgdom\elements\Referencing.hpp" />
    <ClInclude Include="..\..\src\svgdom\elements\Shapes.hpp" />
    <ClInclude Include="..\..\src\svgdom\elements\Structurals.hpp" />
    <ClInclude Include="..\..\src\svgdom\elements\Styleable.hpp" />
    <ClInclude Include="..\..\src\svgdom\elements\Transformable.hpp" />
    <ClInclude Include="..\..\src\svgdom\elements\ViewBoxed.hpp" />
    <ClInclude Include="..\..\src\svgdom\Exc.hpp" />
    <ClInclude Include="..\..\src\svgdom\Finder.hpp" />
    <ClInclude Include="..\..\src\svgdom\Length.hpp" />
    <ClInclude Include="..\..\src\svgdom\StreamWriter.hpp" />
    <ClInclude Include="..\..\src\svgdom\StyleStack.hpp" />
    <ClInclude Include="..\..\src\svgdom\Visitor.hpp" />
    <ClInclude Include="..\..\src\svgdom\Cloner.hpp">
      <Filter>Header Files</Filter>
    </ClInclude>
    <ClInclude Include="..\..\src\svgdom\config.hpp" />
    <ClInclude Include="..\..\src\svgdom\CoordinateUnits.hpp" />
    <ClInclude Include="..\..\src\svgdom\dom.hpp" />
    <ClInclude Include="..\..\src\svgdom\elements\AspectRatioed.hpp" />
    <ClInclude Include="..\..\src\svgdom\elements\Container.hpp" />
    <ClInclude Include="..\..\src\svgdom\elements\Element.hpp" />
    <ClInclude Include="..\..\src\svgdom\elements\Filter.hpp" />
    <ClInclude Include="..\..\src\svgdom\elements\Gradients.hpp" />
    <ClInclude Include="..\..\src\svgdom\elements\ImageElement.hpp" />
    <ClInclude Include="..\..\src\svgdom\elements\Rectangle.hpp" />
    <ClInclude Include="..\..\src\svgdom\elements\Referencing.hpp" />
    <ClInclude Include="..\..\src\svgdom\elements\Shapes.hpp" />
    <ClInclude Include="..\..\src\svgdom\elements\Structurals.hpp" />
    <ClInclude Include="..\..\src\svgdom\elements\Styleable.hpp" />
    <ClInclude Include="..\..\src\svgdom\elements\Transformable.hpp" />
    <ClInclude Include="..\..\src\svgdom\elements\ViewBoxed.hpp" />
    <ClInclude Include="..\..\src\svgdom\Exc.hpp" />
    <ClInclude Include="..\..\src\svgdom\Finder.hpp" />
    <ClInclude Include="..\..\src\svgdom\Length.hpp" />
    <ClInclude Include="..\..\src\svgdom\StreamWriter.hpp" />
    <ClInclude Include="..\..\src\svgdom\StyleStack.hpp" />
    <ClInclude Include="..\..\src\svgdom\Visitor.hpp" />
    <ClInclude Include="..\..\src\svgdom\caster.hpp">
      <Filter>Header Files</Filter>
    </ClInclude>
    <ClInclude Include="..\..\src\svgdom\elements\aspect_ratioed.hpp">
      <Filter>Header Files</Filter>
    </ClInclude>
    <ClInclude Include="..\..\src\svgdom\elements\CoordinateUnits.hpp">
      <Filter>Header Files</Filter>
    </ClInclude>
    <ClInclude Include="..\..\src\svgdom\elements\coordinate_units.hpp">
      <Filter>Header Files</Filter>
    </ClInclude>
    <ClInclude Include="..\..\src\svgdom\elements\image_element.hpp">
      <Filter>Header Files</Filter>
    </ClInclude>
    <ClInclude Include="..\..\src\svgdom\elements\style.hpp">
      <Filter>Header Files</Filter>
    </ClInclude>
    <ClInclude Include="..\..\src\svgdom\elements\TextElement.hpp">
      <Filter>Header Files</Filter>
    </ClInclude>
    <ClInclude Include="..\..\src\svgdom\elements\text_element.hpp">
      <Filter>Header Files</Filter>
    </ClInclude>
    <ClInclude Include="..\..\src\svgdom\elements\view_boxed.hpp">
      <Filter>Header Files</Filter>
    </ClInclude>
    <ClInclude Include="..\..\src\svgdom\malformed_svg_error.hpp">
      <Filter>Header Files</Filter>
    </ClInclude>
    <ClInclude Include="..\..\src\svgdom\stream_writer.hpp">
      <Filter>Header Files</Filter>
    </ClInclude>
    <ClInclude Include="..\..\src\svgdom\style_stack.hpp">
      <Filter>Header Files</Filter>
    </ClInclude>
  </ItemGroup>
  <ItemGroup>
    <ClCompile Include="..\..\src\svgdom\Cloner.cpp">
      <Filter>Source Files</Filter>
    </ClCompile>
    <ClCompile Include="..\..\src\svgdom\dom.cpp" />
    <ClCompile Include="..\..\src\svgdom\elements\Element.cpp" />
    <ClCompile Include="..\..\src\svgdom\elements\Filter.cpp" />
    <ClCompile Include="..\..\src\svgdom\elements\Gradients.cpp" />
    <ClCompile Include="..\..\src\svgdom\elements\Rectangle.cpp" />
    <ClCompile Include="..\..\src\svgdom\elements\Referencing.cpp" />
    <ClCompile Include="..\..\src\svgdom\elements\Shapes.cpp" />
    <ClCompile Include="..\..\src\svgdom\elements\Structurals.cpp" />
    <ClCompile Include="..\..\src\svgdom\elements\Styleable.cpp" />
    <ClCompile Include="..\..\src\svgdom\elements\Transformable.cpp" />
    <ClCompile Include="..\..\src\svgdom\Finder.cpp" />
    <ClCompile Include="..\..\src\svgdom\Length.cpp" />
    <ClCompile Include="..\..\src\svgdom\Parser.cpp" />
    <ClCompile Include="..\..\src\svgdom\util.cpp" />
    <ClCompile Include="..\..\src\svgdom\Visitor.cpp" />
    <ClCompile Include="..\..\src\svgdom\Cloner.cpp">
      <Filter>Source Files</Filter>
    </ClCompile>
    <ClCompile Include="..\..\src\svgdom\dom.cpp" />
    <ClCompile Include="..\..\src\svgdom\elements\Element.cpp" />
    <ClCompile Include="..\..\src\svgdom\elements\Filter.cpp" />
    <ClCompile Include="..\..\src\svgdom\elements\Gradients.cpp" />
    <ClCompile Include="..\..\src\svgdom\elements\Rectangle.cpp" />
    <ClCompile Include="..\..\src\svgdom\elements\Referencing.cpp" />
    <ClCompile Include="..\..\src\svgdom\elements\Shapes.cpp" />
    <ClCompile Include="..\..\src\svgdom\elements\Structurals.cpp" />
    <ClCompile Include="..\..\src\svgdom\elements\Styleable.cpp" />
    <ClCompile Include="..\..\src\svgdom\elements\Transformable.cpp" />
    <ClCompile Include="..\..\src\svgdom\Finder.cpp" />
    <ClCompile Include="..\..\src\svgdom\Length.cpp" />
    <ClCompile Include="..\..\src\svgdom\Parser.cpp" />
    <ClCompile Include="..\..\src\svgdom\util.cpp" />
    <ClCompile Include="..\..\src\svgdom\Visitor.cpp" />
    <ClCompile Include="..\..\src\svgdom\Cloner.cpp">
      <Filter>Source Files</Filter>
    </ClCompile>
    <ClCompile Include="..\..\src\svgdom\dom.cpp" />
    <ClCompile Include="..\..\src\svgdom\elements\Element.cpp" />
    <ClCompile Include="..\..\src\svgdom\elements\Filter.cpp" />
    <ClCompile Include="..\..\src\svgdom\elements\Gradients.cpp" />
    <ClCompile Include="..\..\src\svgdom\elements\Rectangle.cpp" />
    <ClCompile Include="..\..\src\svgdom\elements\Referencing.cpp" />
    <ClCompile Include="..\..\src\svgdom\elements\Shapes.cpp" />
    <ClCompile Include="..\..\src\svgdom\elements\Structurals.cpp" />
    <ClCompile Include="..\..\src\svgdom\elements\Styleable.cpp" />
    <ClCompile Include="..\..\src\svgdom\elements\Transformable.cpp" />
    <ClCompile Include="..\..\src\svgdom\Finder.cpp" />
    <ClCompile Include="..\..\src\svgdom\Length.cpp" />
    <ClCompile Include="..\..\src\svgdom\Parser.cpp" />
    <ClCompile Include="..\..\src\svgdom\util.cpp" />
    <ClCompile Include="..\..\src\svgdom\Visitor.cpp" />
    <ClCompile Include="..\..\src\svgdom\Cloner.cpp">
      <Filter>Source Files</Filter>
    </ClCompile>
    <ClCompile Include="..\..\src\svgdom\dom.cpp" />
    <ClCompile Include="..\..\src\svgdom\elements\Element.cpp" />
    <ClCompile Include="..\..\src\svgdom\elements\Filter.cpp" />
    <ClCompile Include="..\..\src\svgdom\elements\Gradients.cpp" />
    <ClCompile Include="..\..\src\svgdom\elements\Rectangle.cpp" />
    <ClCompile Include="..\..\src\svgdom\elements\Referencing.cpp" />
    <ClCompile Include="..\..\src\svgdom\elements\Shapes.cpp" />
    <ClCompile Include="..\..\src\svgdom\elements\Structurals.cpp" />
    <ClCompile Include="..\..\src\svgdom\elements\Styleable.cpp" />
    <ClCompile Include="..\..\src\svgdom\elements\Transformable.cpp" />
    <ClCompile Include="..\..\src\svgdom\Finder.cpp" />
    <ClCompile Include="..\..\src\svgdom\Length.cpp" />
    <ClCompile Include="..\..\src\svgdom\Parser.cpp" />
    <ClCompile Include="..\..\src\svgdom\util.cpp" />
    <ClCompile Include="..\..\src\svgdom\Visitor.cpp" />
    <ClCompile Include="..\..\src\svgdom\Cloner.cpp">
      <Filter>Source Files</Filter>
    </ClCompile>
    <ClCompile Include="..\..\src\svgdom\dom.cpp" />
    <ClCompile Include="..\..\src\svgdom\elements\AspectRatioed.cpp" />
    <ClCompile Include="..\..\src\svgdom\elements\Element.cpp" />
    <ClCompile Include="..\..\src\svgdom\elements\Filter.cpp" />
    <ClCompile Include="..\..\src\svgdom\elements\Gradients.cpp" />
    <ClCompile Include="..\..\src\svgdom\elements\ImageElement.cpp" />
    <ClCompile Include="..\..\src\svgdom\elements\Rectangle.cpp" />
    <ClCompile Include="..\..\src\svgdom\elements\Referencing.cpp" />
    <ClCompile Include="..\..\src\svgdom\elements\Shapes.cpp" />
    <ClCompile Include="..\..\src\svgdom\elements\Structurals.cpp" />
    <ClCompile Include="..\..\src\svgdom\elements\Styleable.cpp" />
    <ClCompile Include="..\..\src\svgdom\elements\Transformable.cpp" />
    <ClCompile Include="..\..\src\svgdom\elements\ViewBoxed.cpp" />
    <ClCompile Include="..\..\src\svgdom\Finder.cpp" />
    <ClCompile Include="..\..\src\svgdom\Length.cpp" />
    <ClCompile Include="..\..\src\svgdom\Parser.cpp" />
    <ClCompile Include="..\..\src\svgdom\StreamWriter.cpp" />
    <ClCompile Include="..\..\src\svgdom\StyleStack.cpp" />
    <ClCompile Include="..\..\src\svgdom\util.cpp" />
    <ClCompile Include="..\..\src\svgdom\Visitor.cpp" />
    <ClCompile Include="..\..\src\svgdom\Cloner.cpp">
      <Filter>Source Files</Filter>
    </ClCompile>
    <ClCompile Include="..\..\src\svgdom\dom.cpp" />
    <ClCompile Include="..\..\src\svgdom\elements\AspectRatioed.cpp" />
    <ClCompile Include="..\..\src\svgdom\elements\Element.cpp" />
    <ClCompile Include="..\..\src\svgdom\elements\Filter.cpp" />
    <ClCompile Include="..\..\src\svgdom\elements\Gradients.cpp" />
    <ClCompile Include="..\..\src\svgdom\elements\ImageElement.cpp" />
    <ClCompile Include="..\..\src\svgdom\elements\Rectangle.cpp" />
    <ClCompile Include="..\..\src\svgdom\elements\Referencing.cpp" />
    <ClCompile Include="..\..\src\svgdom\elements\Shapes.cpp" />
    <ClCompile Include="..\..\src\svgdom\elements\Structurals.cpp" />
    <ClCompile Include="..\..\src\svgdom\elements\Styleable.cpp" />
    <ClCompile Include="..\..\src\svgdom\elements\Transformable.cpp" />
    <ClCompile Include="..\..\src\svgdom\elements\ViewBoxed.cpp" />
    <ClCompile Include="..\..\src\svgdom\Finder.cpp" />
    <ClCompile Include="..\..\src\svgdom\Length.cpp" />
    <ClCompile Include="..\..\src\svgdom\Parser.cpp" />
    <ClCompile Include="..\..\src\svgdom\StreamWriter.cpp" />
    <ClCompile Include="..\..\src\svgdom\StyleStack.cpp" />
    <ClCompile Include="..\..\src\svgdom\util.cpp" />
    <ClCompile Include="..\..\src\svgdom\Visitor.cpp" />
    <ClCompile Include="..\..\src\svgdom\Cloner.cpp">
      <Filter>Source Files</Filter>
    </ClCompile>
    <ClCompile Include="..\..\src\svgdom\dom.cpp" />
    <ClCompile Include="..\..\src\svgdom\elements\AspectRatioed.cpp" />
    <ClCompile Include="..\..\src\svgdom\elements\Element.cpp" />
    <ClCompile Include="..\..\src\svgdom\elements\Filter.cpp" />
    <ClCompile Include="..\..\src\svgdom\elements\Gradients.cpp" />
    <ClCompile Include="..\..\src\svgdom\elements\ImageElement.cpp" />
    <ClCompile Include="..\..\src\svgdom\elements\Rectangle.cpp" />
    <ClCompile Include="..\..\src\svgdom\elements\Referencing.cpp" />
    <ClCompile Include="..\..\src\svgdom\elements\Shapes.cpp" />
    <ClCompile Include="..\..\src\svgdom\elements\Structurals.cpp" />
    <ClCompile Include="..\..\src\svgdom\elements\Styleable.cpp" />
    <ClCompile Include="..\..\src\svgdom\elements\Transformable.cpp" />
    <ClCompile Include="..\..\src\svgdom\elements\ViewBoxed.cpp" />
    <ClCompile Include="..\..\src\svgdom\Finder.cpp" />
    <ClCompile Include="..\..\src\svgdom\Length.cpp" />
    <ClCompile Include="..\..\src\svgdom\Parser.cpp" />
    <ClCompile Include="..\..\src\svgdom\StreamWriter.cpp" />
    <ClCompile Include="..\..\src\svgdom\StyleStack.cpp" />
    <ClCompile Include="..\..\src\svgdom\util.cpp" />
    <ClCompile Include="..\..\src\svgdom\Visitor.cpp" />
    <ClCompile Include="..\..\src\svgdom\Cloner.cpp">
      <Filter>Source Files</Filter>
    </ClCompile>
    <ClCompile Include="..\..\src\svgdom\dom.cpp" />
    <ClCompile Include="..\..\src\svgdom\elements\AspectRatioed.cpp" />
    <ClCompile Include="..\..\src\svgdom\elements\Element.cpp" />
    <ClCompile Include="..\..\src\svgdom\elements\Filter.cpp" />
    <ClCompile Include="..\..\src\svgdom\elements\Gradients.cpp" />
    <ClCompile Include="..\..\src\svgdom\elements\ImageElement.cpp" />
    <ClCompile Include="..\..\src\svgdom\elements\Rectangle.cpp" />
    <ClCompile Include="..\..\src\svgdom\elements\Referencing.cpp" />
    <ClCompile Include="..\..\src\svgdom\elements\Shapes.cpp" />
    <ClCompile Include="..\..\src\svgdom\elements\Structurals.cpp" />
    <ClCompile Include="..\..\src\svgdom\elements\Styleable.cpp" />
    <ClCompile Include="..\..\src\svgdom\elements\Transformable.cpp" />
    <ClCompile Include="..\..\src\svgdom\elements\ViewBoxed.cpp" />
    <ClCompile Include="..\..\src\svgdom\Finder.cpp" />
    <ClCompile Include="..\..\src\svgdom\Length.cpp" />
    <ClCompile Include="..\..\src\svgdom\Parser.cpp" />
    <ClCompile Include="..\..\src\svgdom\StreamWriter.cpp" />
    <ClCompile Include="..\..\src\svgdom\StyleStack.cpp" />
    <ClCompile Include="..\..\src\svgdom\util.cpp" />
    <ClCompile Include="..\..\src\svgdom\Visitor.cpp" />
    <ClCompile Include="..\..\src\svgdom\Cloner.cpp">
      <Filter>Source Files</Filter>
    </ClCompile>
    <ClCompile Include="..\..\src\svgdom\dom.cpp" />
    <ClCompile Include="..\..\src\svgdom\elements\AspectRatioed.cpp" />
    <ClCompile Include="..\..\src\svgdom\elements\Element.cpp" />
    <ClCompile Include="..\..\src\svgdom\elements\Filter.cpp" />
    <ClCompile Include="..\..\src\svgdom\elements\Gradients.cpp" />
    <ClCompile Include="..\..\src\svgdom\elements\ImageElement.cpp" />
    <ClCompile Include="..\..\src\svgdom\elements\Rectangle.cpp" />
    <ClCompile Include="..\..\src\svgdom\elements\Referencing.cpp" />
    <ClCompile Include="..\..\src\svgdom\elements\Shapes.cpp" />
    <ClCompile Include="..\..\src\svgdom\elements\Structurals.cpp" />
    <ClCompile Include="..\..\src\svgdom\elements\Styleable.cpp" />
    <ClCompile Include="..\..\src\svgdom\elements\Transformable.cpp" />
    <ClCompile Include="..\..\src\svgdom\elements\ViewBoxed.cpp" />
    <ClCompile Include="..\..\src\svgdom\Finder.cpp" />
    <ClCompile Include="..\..\src\svgdom\Length.cpp" />
    <ClCompile Include="..\..\src\svgdom\Parser.cpp" />
    <ClCompile Include="..\..\src\svgdom\StreamWriter.cpp" />
    <ClCompile Include="..\..\src\svgdom\StyleStack.cpp" />
    <ClCompile Include="..\..\src\svgdom\util.cpp" />
    <ClCompile Include="..\..\src\svgdom\Visitor.cpp" />
    <ClCompile Include="..\..\src\svgdom\Cloner.cpp">
      <Filter>Source Files</Filter>
    </ClCompile>
    <ClCompile Include="..\..\src\svgdom\dom.cpp" />
    <ClCompile Include="..\..\src\svgdom\elements\AspectRatioed.cpp" />
    <ClCompile Include="..\..\src\svgdom\elements\Element.cpp" />
    <ClCompile Include="..\..\src\svgdom\elements\Filter.cpp" />
    <ClCompile Include="..\..\src\svgdom\elements\Gradients.cpp" />
    <ClCompile Include="..\..\src\svgdom\elements\ImageElement.cpp" />
    <ClCompile Include="..\..\src\svgdom\elements\Rectangle.cpp" />
    <ClCompile Include="..\..\src\svgdom\elements\Referencing.cpp" />
    <ClCompile Include="..\..\src\svgdom\elements\Shapes.cpp" />
    <ClCompile Include="..\..\src\svgdom\elements\Structurals.cpp" />
    <ClCompile Include="..\..\src\svgdom\elements\Styleable.cpp" />
    <ClCompile Include="..\..\src\svgdom\elements\Transformable.cpp" />
    <ClCompile Include="..\..\src\svgdom\elements\ViewBoxed.cpp" />
    <ClCompile Include="..\..\src\svgdom\Finder.cpp" />
    <ClCompile Include="..\..\src\svgdom\Length.cpp" />
    <ClCompile Include="..\..\src\svgdom\Parser.cpp" />
    <ClCompile Include="..\..\src\svgdom\StreamWriter.cpp" />
    <ClCompile Include="..\..\src\svgdom\StyleStack.cpp" />
    <ClCompile Include="..\..\src\svgdom\util.cpp" />
    <ClCompile Include="..\..\src\svgdom\Visitor.cpp" />
    <ClCompile Include="..\..\src\svgdom\Cloner.cpp">
      <Filter>Source Files</Filter>
    </ClCompile>
    <ClCompile Include="..\..\src\svgdom\dom.cpp" />
    <ClCompile Include="..\..\src\svgdom\elements\AspectRatioed.cpp" />
    <ClCompile Include="..\..\src\svgdom\elements\Element.cpp" />
    <ClCompile Include="..\..\src\svgdom\elements\Filter.cpp" />
    <ClCompile Include="..\..\src\svgdom\elements\Gradients.cpp" />
    <ClCompile Include="..\..\src\svgdom\elements\ImageElement.cpp" />
    <ClCompile Include="..\..\src\svgdom\elements\Rectangle.cpp" />
    <ClCompile Include="..\..\src\svgdom\elements\Referencing.cpp" />
    <ClCompile Include="..\..\src\svgdom\elements\Shapes.cpp" />
    <ClCompile Include="..\..\src\svgdom\elements\Structurals.cpp" />
    <ClCompile Include="..\..\src\svgdom\elements\Styleable.cpp" />
    <ClCompile Include="..\..\src\svgdom\elements\Transformable.cpp" />
    <ClCompile Include="..\..\src\svgdom\elements\ViewBoxed.cpp" />
    <ClCompile Include="..\..\src\svgdom\Finder.cpp" />
    <ClCompile Include="..\..\src\svgdom\Length.cpp" />
    <ClCompile Include="..\..\src\svgdom\Parser.cpp" />
    <ClCompile Include="..\..\src\svgdom\StreamWriter.cpp" />
    <ClCompile Include="..\..\src\svgdom\StyleStack.cpp" />
    <ClCompile Include="..\..\src\svgdom\util.cpp" />
    <ClCompile Include="..\..\src\svgdom\Visitor.cpp" />
    <ClCompile Include="..\..\src\svgdom\Cloner.cpp">
      <Filter>Source Files</Filter>
    </ClCompile>
    <ClCompile Include="..\..\src\svgdom\dom.cpp" />
    <ClCompile Include="..\..\src\svgdom\elements\AspectRatioed.cpp" />
    <ClCompile Include="..\..\src\svgdom\elements\Element.cpp" />
    <ClCompile Include="..\..\src\svgdom\elements\Filter.cpp" />
    <ClCompile Include="..\..\src\svgdom\elements\Gradients.cpp" />
    <ClCompile Include="..\..\src\svgdom\elements\ImageElement.cpp" />
    <ClCompile Include="..\..\src\svgdom\elements\Rectangle.cpp" />
    <ClCompile Include="..\..\src\svgdom\elements\Referencing.cpp" />
    <ClCompile Include="..\..\src\svgdom\elements\Shapes.cpp" />
    <ClCompile Include="..\..\src\svgdom\elements\Structurals.cpp" />
    <ClCompile Include="..\..\src\svgdom\elements\Styleable.cpp" />
    <ClCompile Include="..\..\src\svgdom\elements\Transformable.cpp" />
    <ClCompile Include="..\..\src\svgdom\elements\ViewBoxed.cpp" />
    <ClCompile Include="..\..\src\svgdom\Finder.cpp" />
    <ClCompile Include="..\..\src\svgdom\Length.cpp" />
    <ClCompile Include="..\..\src\svgdom\Parser.cpp" />
    <ClCompile Include="..\..\src\svgdom\StreamWriter.cpp" />
    <ClCompile Include="..\..\src\svgdom\StyleStack.cpp" />
    <ClCompile Include="..\..\src\svgdom\util.cpp" />
    <ClCompile Include="..\..\src\svgdom\Visitor.cpp" />
    <ClCompile Include="..\..\src\svgdom\Cloner.cpp">
      <Filter>Source Files</Filter>
    </ClCompile>
    <ClCompile Include="..\..\src\svgdom\dom.cpp" />
    <ClCompile Include="..\..\src\svgdom\elements\AspectRatioed.cpp" />
    <ClCompile Include="..\..\src\svgdom\elements\Element.cpp" />
    <ClCompile Include="..\..\src\svgdom\elements\Filter.cpp" />
    <ClCompile Include="..\..\src\svgdom\elements\Gradients.cpp" />
    <ClCompile Include="..\..\src\svgdom\elements\ImageElement.cpp" />
    <ClCompile Include="..\..\src\svgdom\elements\Rectangle.cpp" />
    <ClCompile Include="..\..\src\svgdom\elements\Referencing.cpp" />
    <ClCompile Include="..\..\src\svgdom\elements\Shapes.cpp" />
    <ClCompile Include="..\..\src\svgdom\elements\Structurals.cpp" />
    <ClCompile Include="..\..\src\svgdom\elements\Styleable.cpp" />
    <ClCompile Include="..\..\src\svgdom\elements\Transformable.cpp" />
    <ClCompile Include="..\..\src\svgdom\elements\ViewBoxed.cpp" />
    <ClCompile Include="..\..\src\svgdom\Finder.cpp" />
    <ClCompile Include="..\..\src\svgdom\Length.cpp" />
    <ClCompile Include="..\..\src\svgdom\Parser.cpp" />
    <ClCompile Include="..\..\src\svgdom\StreamWriter.cpp" />
    <ClCompile Include="..\..\src\svgdom\StyleStack.cpp" />
    <ClCompile Include="..\..\src\svgdom\util.cpp" />
    <ClCompile Include="..\..\src\svgdom\Visitor.cpp" />
    <ClCompile Include="..\..\src\svgdom\Cloner.cpp">
      <Filter>Source Files</Filter>
    </ClCompile>
    <ClCompile Include="..\..\src\svgdom\dom.cpp" />
    <ClCompile Include="..\..\src\svgdom\elements\AspectRatioed.cpp" />
    <ClCompile Include="..\..\src\svgdom\elements\Element.cpp" />
    <ClCompile Include="..\..\src\svgdom\elements\Filter.cpp" />
    <ClCompile Include="..\..\src\svgdom\elements\Gradients.cpp" />
    <ClCompile Include="..\..\src\svgdom\elements\ImageElement.cpp" />
    <ClCompile Include="..\..\src\svgdom\elements\Rectangle.cpp" />
    <ClCompile Include="..\..\src\svgdom\elements\Referencing.cpp" />
    <ClCompile Include="..\..\src\svgdom\elements\Shapes.cpp" />
    <ClCompile Include="..\..\src\svgdom\elements\Structurals.cpp" />
    <ClCompile Include="..\..\src\svgdom\elements\Styleable.cpp" />
    <ClCompile Include="..\..\src\svgdom\elements\Transformable.cpp" />
    <ClCompile Include="..\..\src\svgdom\elements\ViewBoxed.cpp" />
    <ClCompile Include="..\..\src\svgdom\Finder.cpp" />
    <ClCompile Include="..\..\src\svgdom\Length.cpp" />
    <ClCompile Include="..\..\src\svgdom\Parser.cpp" />
    <ClCompile Include="..\..\src\svgdom\StreamWriter.cpp" />
    <ClCompile Include="..\..\src\svgdom\StyleStack.cpp" />
    <ClCompile Include="..\..\src\svgdom\util.cpp" />
    <ClCompile Include="..\..\src\svgdom\Visitor.cpp" />
    <ClCompile Include="..\..\src\svgdom\Cloner.cpp">
      <Filter>Source Files</Filter>
    </ClCompile>
    <ClCompile Include="..\..\src\svgdom\dom.cpp" />
    <ClCompile Include="..\..\src\svgdom\elements\AspectRatioed.cpp" />
    <ClCompile Include="..\..\src\svgdom\elements\Element.cpp" />
    <ClCompile Include="..\..\src\svgdom\elements\Filter.cpp" />
    <ClCompile Include="..\..\src\svgdom\elements\Gradients.cpp" />
    <ClCompile Include="..\..\src\svgdom\elements\ImageElement.cpp" />
    <ClCompile Include="..\..\src\svgdom\elements\Rectangle.cpp" />
    <ClCompile Include="..\..\src\svgdom\elements\Referencing.cpp" />
    <ClCompile Include="..\..\src\svgdom\elements\Shapes.cpp" />
    <ClCompile Include="..\..\src\svgdom\elements\Structurals.cpp" />
    <ClCompile Include="..\..\src\svgdom\elements\Styleable.cpp" />
    <ClCompile Include="..\..\src\svgdom\elements\Transformable.cpp" />
    <ClCompile Include="..\..\src\svgdom\elements\ViewBoxed.cpp" />
    <ClCompile Include="..\..\src\svgdom\Finder.cpp" />
    <ClCompile Include="..\..\src\svgdom\Length.cpp" />
    <ClCompile Include="..\..\src\svgdom\Parser.cpp" />
    <ClCompile Include="..\..\src\svgdom\StreamWriter.cpp" />
    <ClCompile Include="..\..\src\svgdom\StyleStack.cpp" />
    <ClCompile Include="..\..\src\svgdom\util.cpp" />
    <ClCompile Include="..\..\src\svgdom\Visitor.cpp" />
    <ClCompile Include="..\..\src\svgdom\Cloner.cpp">
      <Filter>Source Files</Filter>
    </ClCompile>
    <ClCompile Include="..\..\src\svgdom\dom.cpp" />
    <ClCompile Include="..\..\src\svgdom\elements\AspectRatioed.cpp" />
    <ClCompile Include="..\..\src\svgdom\elements\Element.cpp" />
    <ClCompile Include="..\..\src\svgdom\elements\Filter.cpp" />
    <ClCompile Include="..\..\src\svgdom\elements\Gradients.cpp" />
    <ClCompile Include="..\..\src\svgdom\elements\ImageElement.cpp" />
    <ClCompile Include="..\..\src\svgdom\elements\Rectangle.cpp" />
    <ClCompile Include="..\..\src\svgdom\elements\Referencing.cpp" />
    <ClCompile Include="..\..\src\svgdom\elements\Shapes.cpp" />
    <ClCompile Include="..\..\src\svgdom\elements\Structurals.cpp" />
    <ClCompile Include="..\..\src\svgdom\elements\Styleable.cpp" />
    <ClCompile Include="..\..\src\svgdom\elements\Transformable.cpp" />
    <ClCompile Include="..\..\src\svgdom\elements\ViewBoxed.cpp" />
    <ClCompile Include="..\..\src\svgdom\Finder.cpp" />
    <ClCompile Include="..\..\src\svgdom\Length.cpp" />
    <ClCompile Include="..\..\src\svgdom\Parser.cpp" />
    <ClCompile Include="..\..\src\svgdom\StreamWriter.cpp" />
    <ClCompile Include="..\..\src\svgdom\StyleStack.cpp" />
    <ClCompile Include="..\..\src\svgdom\util.cpp" />
    <ClCompile Include="..\..\src\svgdom\Visitor.cpp" />
    <ClCompile Include="..\..\src\svgdom\Cloner.cpp">
      <Filter>Source Files</Filter>
    </ClCompile>
    <ClCompile Include="..\..\src\svgdom\dom.cpp" />
    <ClCompile Include="..\..\src\svgdom\elements\AspectRatioed.cpp" />
    <ClCompile Include="..\..\src\svgdom\elements\Element.cpp" />
    <ClCompile Include="..\..\src\svgdom\elements\Filter.cpp" />
    <ClCompile Include="..\..\src\svgdom\elements\Gradients.cpp" />
    <ClCompile Include="..\..\src\svgdom\elements\ImageElement.cpp" />
    <ClCompile Include="..\..\src\svgdom\elements\Rectangle.cpp" />
    <ClCompile Include="..\..\src\svgdom\elements\Referencing.cpp" />
    <ClCompile Include="..\..\src\svgdom\elements\Shapes.cpp" />
    <ClCompile Include="..\..\src\svgdom\elements\Structurals.cpp" />
    <ClCompile Include="..\..\src\svgdom\elements\Styleable.cpp" />
    <ClCompile Include="..\..\src\svgdom\elements\Transformable.cpp" />
    <ClCompile Include="..\..\src\svgdom\elements\ViewBoxed.cpp" />
    <ClCompile Include="..\..\src\svgdom\Finder.cpp" />
    <ClCompile Include="..\..\src\svgdom\Length.cpp" />
    <ClCompile Include="..\..\src\svgdom\Parser.cpp" />
    <ClCompile Include="..\..\src\svgdom\StreamWriter.cpp" />
    <ClCompile Include="..\..\src\svgdom\StyleStack.cpp" />
    <ClCompile Include="..\..\src\svgdom\util.cpp" />
    <ClCompile Include="..\..\src\svgdom\Visitor.cpp" />
    <ClCompile Include="..\..\src\svgdom\elements\aspect_ratioed.cpp">
      <Filter>Source Files</Filter>
    </ClCompile>
    <ClCompile Include="..\..\src\svgdom\elements\image_element.cpp">
      <Filter>Source Files</Filter>
    </ClCompile>
    <ClCompile Include="..\..\src\svgdom\elements\style.cpp">
      <Filter>Source Files</Filter>
    </ClCompile>
    <ClCompile Include="..\..\src\svgdom\elements\text_element.cpp">
      <Filter>Source Files</Filter>
    </ClCompile>
    <ClCompile Include="..\..\src\svgdom\elements\view_boxed.cpp">
      <Filter>Source Files</Filter>
    </ClCompile>
    <ClCompile Include="..\..\src\svgdom\stream_writer.cpp">
      <Filter>Source Files</Filter>
    </ClCompile>
    <ClCompile Include="..\..\src\svgdom\style_stack.cpp">
      <Filter>Source Files</Filter>
    </ClCompile>
  </ItemGroup>
  <ItemGroup>
    <None Include="packages.config" />
  </ItemGroup>
</Project>